
Microsoft Visual Studio Solution File, Format Version 12.00
# Visual Studio 15
VisualStudioVersion = 15.0.26124.0
MinimumVisualStudioVersion = 15.0.26124.0
Project("{FAE04EC0-301F-11D3-BF4B-00C04F79EFBC}") = "frontend", "frontend\frontend.csproj", "{04D096C4-DFFB-4B39-87B3-DAD619631654}"
EndProject
Project("{FAE04EC0-301F-11D3-BF4B-00C04F79EFBC}") = "backend", "backend\backend.csproj", "{C24E1856-5AE3-4FE6-8D7B-4D47849C38E8}"
EndProject
Global
	GlobalSection(SolutionConfigurationPlatforms) = preSolution
		Debug|Any CPU = Debug|Any CPU
		Debug|x64 = Debug|x64
		Debug|x86 = Debug|x86
		Release|Any CPU = Release|Any CPU
		Release|x64 = Release|x64
		Release|x86 = Release|x86
	EndGlobalSection
	GlobalSection(SolutionProperties) = preSolution
		HideSolutionNode = FALSE
	EndGlobalSection
	GlobalSection(ProjectConfigurationPlatforms) = postSolution
		{04D096C4-DFFB-4B39-87B3-DAD619631654}.Debug|Any CPU.ActiveCfg = Debug|Any CPU
		{04D096C4-DFFB-4B39-87B3-DAD619631654}.Debug|Any CPU.Build.0 = Debug|Any CPU
		{04D096C4-DFFB-4B39-87B3-DAD619631654}.Debug|x64.ActiveCfg = Debug|Any CPU
		{04D096C4-DFFB-4B39-87B3-DAD619631654}.Debug|x64.Build.0 = Debug|Any CPU
		{04D096C4-DFFB-4B39-87B3-DAD619631654}.Debug|x86.ActiveCfg = Debug|Any CPU
		{04D096C4-DFFB-4B39-87B3-DAD619631654}.Debug|x86.Build.0 = Debug|Any CPU
		{04D096C4-DFFB-4B39-87B3-DAD619631654}.Release|Any CPU.ActiveCfg = Release|Any CPU
		{04D096C4-DFFB-4B39-87B3-DAD619631654}.Release|Any CPU.Build.0 = Release|Any CPU
		{04D096C4-DFFB-4B39-87B3-DAD619631654}.Release|x64.ActiveCfg = Release|Any CPU
		{04D096C4-DFFB-4B39-87B3-DAD619631654}.Release|x64.Build.0 = Release|Any CPU
		{04D096C4-DFFB-4B39-87B3-DAD619631654}.Release|x86.ActiveCfg = Release|Any CPU
		{04D096C4-DFFB-4B39-87B3-DAD619631654}.Release|x86.Build.0 = Release|Any CPU
		{C24E1856-5AE3-4FE6-8D7B-4D47849C38E8}.Debug|Any CPU.ActiveCfg = Debug|Any CPU
		{C24E1856-5AE3-4FE6-8D7B-4D47849C38E8}.Debug|Any CPU.Build.0 = Debug|Any CPU
		{C24E1856-5AE3-4FE6-8D7B-4D47849C38E8}.Debug|x64.ActiveCfg = Debug|Any CPU
		{C24E1856-5AE3-4FE6-8D7B-4D47849C38E8}.Debug|x64.Build.0 = Debug|Any CPU
		{C24E1856-5AE3-4FE6-8D7B-4D47849C38E8}.Debug|x86.ActiveCfg = Debug|Any CPU
		{C24E1856-5AE3-4FE6-8D7B-4D47849C38E8}.Debug|x86.Build.0 = Debug|Any CPU
		{C24E1856-5AE3-4FE6-8D7B-4D47849C38E8}.Release|Any CPU.ActiveCfg = Release|Any CPU
		{C24E1856-5AE3-4FE6-8D7B-4D47849C38E8}.Release|Any CPU.Build.0 = Release|Any CPU
		{C24E1856-5AE3-4FE6-8D7B-4D47849C38E8}.Release|x64.ActiveCfg = Release|Any CPU
		{C24E1856-5AE3-4FE6-8D7B-4D47849C38E8}.Release|x64.Build.0 = Release|Any CPU
		{C24E1856-5AE3-4FE6-8D7B-4D47849C38E8}.Release|x86.ActiveCfg = Release|Any CPU
		{C24E1856-5AE3-4FE6-8D7B-4D47849C38E8}.Release|x86.Build.0 = Release|Any CPU
	EndGlobalSection
EndGlobal
